
Microsoft Visual Studio Solution File, Format Version 12.00
Project("{FAE04EC0-301F-11D3-BF4B-00C04F79EFBC}") = "EasyRibbon", "EasyRibbon\EasyRibbon.csproj", "{B258437F-5654-48B4-A46D-1AF76C449ACD}"
EndProject
Project("{FAE04EC0-301F-11D3-BF4B-00C04F79EFBC}") = "EasyRibbonExample", "EasyRibbonExample\EasyRibbonExample.csproj", "{A5B4C5FF-A13F-4DFC-8144-0645FBA4452C}"
EndProject
Project("{FAE04EC0-301F-11D3-BF4B-00C04F79EFBC}") = "EasyRibbonMasterExample", "EasyRibbonMasterExample\EasyRibbonMasterExample.csproj", "{35055FF2-0D2D-496C-830B-D765B710103D}"
EndProject
Global
	GlobalSection(SolutionConfigurationPlatforms) = preSolution
		Debug R21|Any CPU = Debug R21|Any CPU
		Debug R22|Any CPU = Debug R22|Any CPU
		Debug R23|Any CPU = Debug R23|Any CPU
		Debug R24|Any CPU = Debug R24|Any CPU
		Debug R25|Any CPU = Debug R25|Any CPU
		Debug R26|Any CPU = Debug R26|Any CPU
		Release R21|Any CPU = Release R21|Any CPU
		Release R22|Any CPU = Release R22|Any CPU
		Release R23|Any CPU = Release R23|Any CPU
		Release R24|Any CPU = Release R24|Any CPU
		Release R25|Any CPU = Release R25|Any CPU
		Release R26|Any CPU = Release R26|Any CPU
	EndGlobalSection
	GlobalSection(ProjectConfigurationPlatforms) = postSolution
		{B258437F-5654-48B4-A46D-1AF76C449ACD}.Debug R21|Any CPU.ActiveCfg = Debug R21|Any CPU
		{B258437F-5654-48B4-A46D-1AF76C449ACD}.Debug R21|Any CPU.Build.0 = Debug R21|Any CPU
		{B258437F-5654-48B4-A46D-1AF76C449ACD}.Debug R22|Any CPU.ActiveCfg = Debug R22|Any CPU
		{B258437F-5654-48B4-A46D-1AF76C449ACD}.Debug R22|Any CPU.Build.0 = Debug R22|Any CPU
		{B258437F-5654-48B4-A46D-1AF76C449ACD}.Debug R23|Any CPU.ActiveCfg = Debug R23|Any CPU
		{B258437F-5654-48B4-A46D-1AF76C449ACD}.Debug R23|Any CPU.Build.0 = Debug R23|Any CPU
		{B258437F-5654-48B4-A46D-1AF76C449ACD}.Debug R24|Any CPU.ActiveCfg = Debug R24|Any CPU
		{B258437F-5654-48B4-A46D-1AF76C449ACD}.Debug R24|Any CPU.Build.0 = Debug R24|Any CPU
		{B258437F-5654-48B4-A46D-1AF76C449ACD}.Debug R25|Any CPU.ActiveCfg = Debug R25|Any CPU
		{B258437F-5654-48B4-A46D-1AF76C449ACD}.Debug R25|Any CPU.Build.0 = Debug R25|Any CPU
		{B258437F-5654-48B4-A46D-1AF76C449ACD}.Debug R26|Any CPU.ActiveCfg = Debug R26|Any CPU
		{B258437F-5654-48B4-A46D-1AF76C449ACD}.Debug R26|Any CPU.Build.0 = Debug R26|Any CPU
		{B258437F-5654-48B4-A46D-1AF76C449ACD}.Release R21|Any CPU.ActiveCfg = Release R21|Any CPU
		{B258437F-5654-48B4-A46D-1AF76C449ACD}.Release R21|Any CPU.Build.0 = Release R21|Any CPU
		{B258437F-5654-48B4-A46D-1AF76C449ACD}.Release R22|Any CPU.ActiveCfg = Release R22|Any CPU
		{B258437F-5654-48B4-A46D-1AF76C449ACD}.Release R22|Any CPU.Build.0 = Release R22|Any CPU
		{B258437F-5654-48B4-A46D-1AF76C449ACD}.Release R23|Any CPU.ActiveCfg = Release R23|Any CPU
		{B258437F-5654-48B4-A46D-1AF76C449ACD}.Release R23|Any CPU.Build.0 = Release R23|Any CPU
		{B258437F-5654-48B4-A46D-1AF76C449ACD}.Release R24|Any CPU.ActiveCfg = Release R24|Any CPU
		{B258437F-5654-48B4-A46D-1AF76C449ACD}.Release R24|Any CPU.Build.0 = Release R24|Any CPU
		{B258437F-5654-48B4-A46D-1AF76C449ACD}.Release R25|Any CPU.ActiveCfg = Release R25|Any CPU
		{B258437F-5654-48B4-A46D-1AF76C449ACD}.Release R25|Any CPU.Build.0 = Release R25|Any CPU
		{B258437F-5654-48B4-A46D-1AF76C449ACD}.Release R26|Any CPU.ActiveCfg = Release R26|Any CPU
		{B258437F-5654-48B4-A46D-1AF76C449ACD}.Release R26|Any CPU.Build.0 = Release R26|Any CPU
		{A5B4C5FF-A13F-4DFC-8144-0645FBA4452C}.Debug R21|Any CPU.ActiveCfg = Debug R21|Any CPU
		{A5B4C5FF-A13F-4DFC-8144-0645FBA4452C}.Debug R21|Any CPU.Build.0 = Debug R21|Any CPU
		{A5B4C5FF-A13F-4DFC-8144-0645FBA4452C}.Debug R22|Any CPU.ActiveCfg = Debug R22|Any CPU
		{A5B4C5FF-A13F-4DFC-8144-0645FBA4452C}.Debug R22|Any CPU.Build.0 = Debug R22|Any CPU
		{A5B4C5FF-A13F-4DFC-8144-0645FBA4452C}.Debug R23|Any CPU.ActiveCfg = Debug R23|Any CPU
		{A5B4C5FF-A13F-4DFC-8144-0645FBA4452C}.Debug R23|Any CPU.Build.0 = Debug R23|Any CPU
		{A5B4C5FF-A13F-4DFC-8144-0645FBA4452C}.Debug R24|Any CPU.ActiveCfg = Debug R24|Any CPU
		{A5B4C5FF-A13F-4DFC-8144-0645FBA4452C}.Debug R24|Any CPU.Build.0 = Debug R24|Any CPU
		{A5B4C5FF-A13F-4DFC-8144-0645FBA4452C}.Debug R25|Any CPU.ActiveCfg = Debug R25|Any CPU
		{A5B4C5FF-A13F-4DFC-8144-0645FBA4452C}.Debug R25|Any CPU.Build.0 = Debug R25|Any CPU
		{A5B4C5FF-A13F-4DFC-8144-0645FBA4452C}.Debug R26|Any CPU.ActiveCfg = Debug R26|Any CPU
		{A5B4C5FF-A13F-4DFC-8144-0645FBA4452C}.Debug R26|Any CPU.Build.0 = Debug R26|Any CPU
		{A5B4C5FF-A13F-4DFC-8144-0645FBA4452C}.Release R21|Any CPU.ActiveCfg = Release R21|Any CPU
		{A5B4C5FF-A13F-4DFC-8144-0645FBA4452C}.Release R21|Any CPU.Build.0 = Release R21|Any CPU
		{A5B4C5FF-A13F-4DFC-8144-0645FBA4452C}.Release R22|Any CPU.ActiveCfg = Release R22|Any CPU
		{A5B4C5FF-A13F-4DFC-8144-0645FBA4452C}.Release R22|Any CPU.Build.0 = Release R22|Any CPU
		{A5B4C5FF-A13F-4DFC-8144-0645FBA4452C}.Release R23|Any CPU.ActiveCfg = Release R23|Any CPU
		{A5B4C5FF-A13F-4DFC-8144-0645FBA4452C}.Release R23|Any CPU.Build.0 = Release R23|Any CPU
		{A5B4C5FF-A13F-4DFC-8144-0645FBA4452C}.Release R24|Any CPU.ActiveCfg = Release R24|Any CPU
		{A5B4C5FF-A13F-4DFC-8144-0645FBA4452C}.Release R24|Any CPU.Build.0 = Release R24|Any CPU
		{A5B4C5FF-A13F-4DFC-8144-0645FBA4452C}.Release R25|Any CPU.ActiveCfg = Release R25|Any CPU
		{A5B4C5FF-A13F-4DFC-8144-0645FBA4452C}.Release R25|Any CPU.Build.0 = Release R25|Any CPU
		{A5B4C5FF-A13F-4DFC-8144-0645FBA4452C}.Release R26|Any CPU.ActiveCfg = Release R26|Any CPU
		{A5B4C5FF-A13F-4DFC-8144-0645FBA4452C}.Release R26|Any CPU.Build.0 = Release R26|Any CPU
		{35055FF2-0D2D-496C-830B-D765B710103D}.Debug R21|Any CPU.ActiveCfg = Debug R21|Any CPU
		{35055FF2-0D2D-496C-830B-D765B710103D}.Debug R21|Any CPU.Build.0 = Debug R21|Any CPU
		{35055FF2-0D2D-496C-830B-D765B710103D}.Debug R22|Any CPU.ActiveCfg = Debug R22|Any CPU
		{35055FF2-0D2D-496C-830B-D765B710103D}.Debug R22|Any CPU.Build.0 = Debug R22|Any CPU
		{35055FF2-0D2D-496C-830B-D765B710103D}.Debug R23|Any CPU.ActiveCfg = Debug R23|Any CPU
		{35055FF2-0D2D-496C-830B-D765B710103D}.Debug R23|Any CPU.Build.0 = Debug R23|Any CPU
		{35055FF2-0D2D-496C-830B-D765B710103D}.Debug R24|Any CPU.ActiveCfg = Debug R24|Any CPU
		{35055FF2-0D2D-496C-830B-D765B710103D}.Debug R24|Any CPU.Build.0 = Debug R24|Any CPU
		{35055FF2-0D2D-496C-830B-D765B710103D}.Debug R25|Any CPU.ActiveCfg = Debug R25|Any CPU
		{35055FF2-0D2D-496C-830B-D765B710103D}.Debug R25|Any CPU.Build.0 = Debug R25|Any CPU
		{35055FF2-0D2D-496C-830B-D765B710103D}.Debug R26|Any CPU.ActiveCfg = Debug R26|Any CPU
		{35055FF2-0D2D-496C-830B-D765B710103D}.Debug R26|Any CPU.Build.0 = Debug R26|Any CPU
		{35055FF2-0D2D-496C-830B-D765B710103D}.Release R21|Any CPU.ActiveCfg = Release R21|Any CPU
		{35055FF2-0D2D-496C-830B-D765B710103D}.Release R21|Any CPU.Build.0 = Release R21|Any CPU
		{35055FF2-0D2D-496C-830B-D765B710103D}.Release R22|Any CPU.ActiveCfg = Release R22|Any CPU
		{35055FF2-0D2D-496C-830B-D765B710103D}.Release R22|Any CPU.Build.0 = Release R22|Any CPU
		{35055FF2-0D2D-496C-830B-D765B710103D}.Release R23|Any CPU.ActiveCfg = Release R23|Any CPU
		{35055FF2-0D2D-496C-830B-D765B710103D}.Release R23|Any CPU.Build.0 = Release R23|Any CPU
		{35055FF2-0D2D-496C-830B-D765B710103D}.Release R24|Any CPU.ActiveCfg = Release R24|Any CPU
		{35055FF2-0D2D-496C-830B-D765B710103D}.Release R24|Any CPU.Build.0 = Release R24|Any CPU
		{35055FF2-0D2D-496C-830B-D765B710103D}.Release R25|Any CPU.ActiveCfg = Release R25|Any CPU
		{35055FF2-0D2D-496C-830B-D765B710103D}.Release R25|Any CPU.Build.0 = Release R25|Any CPU
		{35055FF2-0D2D-496C-830B-D765B710103D}.Release R26|Any CPU.ActiveCfg = Release R26|Any CPU
		{35055FF2-0D2D-496C-830B-D765B710103D}.Release R26|Any CPU.Build.0 = Release R26|Any CPU
	EndGlobalSection
EndGlobal
